
Microsoft Visual Studio Solution File, Format Version 11.00
# Visual Studio 2010
Project("{B1E792BE-AA5F-4E3C-8C82-674BF9C0715B}") = "TwinCAT Project ModuleCom IOMapping", "TwinCAT Project ModuleCom IOMapping\TwinCAT Project ModuleCom IOMapping.tsproj", "{B227A560-1C7E-4D65-A203-2E5F7D9AEE79}"
EndProject
Global
	GlobalSection(SolutionConfigurationPlatforms) = preSolution
		Debug|TwinCAT CE7 (ARMV7) = Debug|TwinCAT CE7 (ARMV7)
		Debug|TwinCAT RT (x64) = Debug|TwinCAT RT (x64)
		Debug|TwinCAT RT (x86) = Debug|TwinCAT RT (x86)
		Debug|TwinCAT UM (x64) = Debug|TwinCAT UM (x64)
		Debug|TwinCAT UM (x86) = Debug|TwinCAT UM (x86)
		Release|TwinCAT CE7 (ARMV7) = Release|TwinCAT CE7 (ARMV7)
		Release|TwinCAT RT (x64) = Release|TwinCAT RT (x64)
		Release|TwinCAT RT (x86) = Release|TwinCAT RT (x86)
		Release|TwinCAT UM (x64) = Release|TwinCAT UM (x64)
		Release|TwinCAT UM (x86) = Release|TwinCAT UM (x86)
	EndGlobalSection
	GlobalSection(ProjectConfigurationPlatforms) = postSolution
		{B227A560-1C7E-4D65-A203-2E5F7D9AEE79}.Debug|TwinCAT CE7 (ARMV7).ActiveCfg = Debug|TwinCAT CE7 (ARMV7)
		{B227A560-1C7E-4D65-A203-2E5F7D9AEE79}.Debug|TwinCAT RT (x64).ActiveCfg = Debug|TwinCAT RT (x64)
		{B227A560-1C7E-4D65-A203-2E5F7D9AEE79}.Debug|TwinCAT RT (x86).ActiveCfg = Debug|TwinCAT RT (x86)
		{B227A560-1C7E-4D65-A203-2E5F7D9AEE79}.Debug|TwinCAT UM (x64).ActiveCfg = Debug|TwinCAT CE7 (ARMV7)
		{B227A560-1C7E-4D65-A203-2E5F7D9AEE79}.Debug|TwinCAT UM (x86).ActiveCfg = Debug|TwinCAT CE7 (ARMV7)
		{B227A560-1C7E-4D65-A203-2E5F7D9AEE79}.Release|TwinCAT CE7 (ARMV7).ActiveCfg = Release|TwinCAT CE7 (ARMV7)
		{B227A560-1C7E-4D65-A203-2E5F7D9AEE79}.Release|TwinCAT RT (x64).ActiveCfg = Release|TwinCAT RT (x64)
		{B227A560-1C7E-4D65-A203-2E5F7D9AEE79}.Release|TwinCAT RT (x86).ActiveCfg = Release|TwinCAT RT (x86)
		{B227A560-1C7E-4D65-A203-2E5F7D9AEE79}.Release|TwinCAT UM (x64).ActiveCfg = Release|TwinCAT CE7 (ARMV7)
		{B227A560-1C7E-4D65-A203-2E5F7D9AEE79}.Release|TwinCAT UM (x86).ActiveCfg = Release|TwinCAT CE7 (ARMV7)
		{41E820C2-F14D-4D4F-85FE-1CEEE65C49C5}.Debug|TwinCAT CE7 (ARMV7).ActiveCfg = Debug|TwinCAT RT (x86)
		{41E820C2-F14D-4D4F-85FE-1CEEE65C49C5}.Debug|TwinCAT RT (x64).ActiveCfg = Debug|TwinCAT RT (x64)
		{41E820C2-F14D-4D4F-85FE-1CEEE65C49C5}.Debug|TwinCAT RT (x64).Build.0 = Debug|TwinCAT RT (x64)
		{41E820C2-F14D-4D4F-85FE-1CEEE65C49C5}.Debug|TwinCAT RT (x86).ActiveCfg = Debug|TwinCAT RT (x86)
		{41E820C2-F14D-4D4F-85FE-1CEEE65C49C5}.Debug|TwinCAT RT (x86).Build.0 = Debug|TwinCAT RT (x86)
		{41E820C2-F14D-4D4F-85FE-1CEEE65C49C5}.Debug|TwinCAT UM (x64).ActiveCfg = Debug|TwinCAT UM (x64)
		{41E820C2-F14D-4D4F-85FE-1CEEE65C49C5}.Debug|TwinCAT UM (x64).Build.0 = Debug|TwinCAT UM (x64)
		{41E820C2-F14D-4D4F-85FE-1CEEE65C49C5}.Debug|TwinCAT UM (x86).ActiveCfg = Debug|TwinCAT UM (x86)
		{41E820C2-F14D-4D4F-85FE-1CEEE65C49C5}.Debug|TwinCAT UM (x86).Build.0 = Debug|TwinCAT UM (x86)
		{41E820C2-F14D-4D4F-85FE-1CEEE65C49C5}.Release|TwinCAT CE7 (ARMV7).ActiveCfg = Release|TwinCAT UM (x64)
		{41E820C2-F14D-4D4F-85FE-1CEEE65C49C5}.Release|TwinCAT RT (x64).ActiveCfg = Release|TwinCAT RT (x64)
		{41E820C2-F14D-4D4F-85FE-1CEEE65C49C5}.Release|TwinCAT RT (x64).Build.0 = Release|TwinCAT RT (x64)
		{41E820C2-F14D-4D4F-85FE-1CEEE65C49C5}.Release|TwinCAT RT (x86).ActiveCfg = Release|TwinCAT RT (x86)
		{41E820C2-F14D-4D4F-85FE-1CEEE65C49C5}.Release|TwinCAT RT (x86).Build.0 = Release|TwinCAT RT (x86)
		{41E820C2-F14D-4D4F-85FE-1CEEE65C49C5}.Release|TwinCAT UM (x64).ActiveCfg = Release|TwinCAT UM (x64)
		{41E820C2-F14D-4D4F-85FE-1CEEE65C49C5}.Release|TwinCAT UM (x64).Build.0 = Release|TwinCAT UM (x64)
		{41E820C2-F14D-4D4F-85FE-1CEEE65C49C5}.Release|TwinCAT UM (x86).ActiveCfg = Release|TwinCAT UM (x86)
		{41E820C2-F14D-4D4F-85FE-1CEEE65C49C5}.Release|TwinCAT UM (x86).Build.0 = Release|TwinCAT UM (x86)
	EndGlobalSection
	GlobalSection(SolutionProperties) = preSolution
		HideSolutionNode = FALSE
	EndGlobalSection
EndGlobal
