
Microsoft Visual Studio Solution File, Format Version 11.00
# Visual Studio 2010
Project("{B1E792BE-AA5F-4E3C-8C82-674BF9C0715B}") = "TwinCAT Project with DataPointer", "TwinCAT Project with DataPointer\TwinCAT Project with DataPointer.tsproj", "{9359B9A1-1FCC-4479-BF60-E9006E94AC85}"
EndProject
Global
	GlobalSection(SolutionConfigurationPlatforms) = preSolution
		Debug|TwinCAT CE7 (ARMV7) = Debug|TwinCAT CE7 (ARMV7)
		Debug|TwinCAT RT (x64) = Debug|TwinCAT RT (x64)
		Debug|TwinCAT RT (x86) = Debug|TwinCAT RT (x86)
		Debug|TwinCAT UM (x64) = Debug|TwinCAT UM (x64)
		Debug|TwinCAT UM (x86) = Debug|TwinCAT UM (x86)
		Release|TwinCAT CE7 (ARMV7) = Release|TwinCAT CE7 (ARMV7)
		Release|TwinCAT RT (x64) = Release|TwinCAT RT (x64)
		Release|TwinCAT RT (x86) = Release|TwinCAT RT (x86)
		Release|TwinCAT UM (x64) = Release|TwinCAT UM (x64)
		Release|TwinCAT UM (x86) = Release|TwinCAT UM (x86)
	EndGlobalSection
	GlobalSection(ProjectConfigurationPlatforms) = postSolution
		{9359B9A1-1FCC-4479-BF60-E9006E94AC85}.Debug|TwinCAT CE7 (ARMV7).ActiveCfg = Debug|TwinCAT CE7 (ARMV7)
		{9359B9A1-1FCC-4479-BF60-E9006E94AC85}.Debug|TwinCAT RT (x64).ActiveCfg = Debug|TwinCAT RT (x64)
		{9359B9A1-1FCC-4479-BF60-E9006E94AC85}.Debug|TwinCAT RT (x86).ActiveCfg = Debug|TwinCAT RT (x86)
		{9359B9A1-1FCC-4479-BF60-E9006E94AC85}.Debug|TwinCAT UM (x64).ActiveCfg = Debug|TwinCAT CE7 (ARMV7)
		{9359B9A1-1FCC-4479-BF60-E9006E94AC85}.Debug|TwinCAT UM (x86).ActiveCfg = Debug|TwinCAT CE7 (ARMV7)
		{9359B9A1-1FCC-4479-BF60-E9006E94AC85}.Release|TwinCAT CE7 (ARMV7).ActiveCfg = Release|TwinCAT CE7 (ARMV7)
		{9359B9A1-1FCC-4479-BF60-E9006E94AC85}.Release|TwinCAT RT (x64).ActiveCfg = Release|TwinCAT RT (x64)
		{9359B9A1-1FCC-4479-BF60-E9006E94AC85}.Release|TwinCAT RT (x86).ActiveCfg = Release|TwinCAT RT (x86)
		{9359B9A1-1FCC-4479-BF60-E9006E94AC85}.Release|TwinCAT UM (x64).ActiveCfg = Release|TwinCAT CE7 (ARMV7)
		{9359B9A1-1FCC-4479-BF60-E9006E94AC85}.Release|TwinCAT UM (x86).ActiveCfg = Release|TwinCAT CE7 (ARMV7)
		{DE822E80-215A-49DC-B444-249E5F932B38}.Debug|TwinCAT CE7 (ARMV7).ActiveCfg = Debug|TwinCAT RT (x86)
		{DE822E80-215A-49DC-B444-249E5F932B38}.Debug|TwinCAT RT (x64).ActiveCfg = Debug|TwinCAT RT (x64)
		{DE822E80-215A-49DC-B444-249E5F932B38}.Debug|TwinCAT RT (x64).Build.0 = Debug|TwinCAT RT (x64)
		{DE822E80-215A-49DC-B444-249E5F932B38}.Debug|TwinCAT RT (x86).ActiveCfg = Debug|TwinCAT RT (x86)
		{DE822E80-215A-49DC-B444-249E5F932B38}.Debug|TwinCAT RT (x86).Build.0 = Debug|TwinCAT RT (x86)
		{DE822E80-215A-49DC-B444-249E5F932B38}.Debug|TwinCAT UM (x64).ActiveCfg = Debug|TwinCAT UM (x64)
		{DE822E80-215A-49DC-B444-249E5F932B38}.Debug|TwinCAT UM (x64).Build.0 = Debug|TwinCAT UM (x64)
		{DE822E80-215A-49DC-B444-249E5F932B38}.Debug|TwinCAT UM (x86).ActiveCfg = Debug|TwinCAT UM (x86)
		{DE822E80-215A-49DC-B444-249E5F932B38}.Debug|TwinCAT UM (x86).Build.0 = Debug|TwinCAT UM (x86)
		{DE822E80-215A-49DC-B444-249E5F932B38}.Release|TwinCAT CE7 (ARMV7).ActiveCfg = Release|TwinCAT UM (x64)
		{DE822E80-215A-49DC-B444-249E5F932B38}.Release|TwinCAT RT (x64).ActiveCfg = Release|TwinCAT RT (x64)
		{DE822E80-215A-49DC-B444-249E5F932B38}.Release|TwinCAT RT (x64).Build.0 = Release|TwinCAT RT (x64)
		{DE822E80-215A-49DC-B444-249E5F932B38}.Release|TwinCAT RT (x86).ActiveCfg = Release|TwinCAT RT (x86)
		{DE822E80-215A-49DC-B444-249E5F932B38}.Release|TwinCAT RT (x86).Build.0 = Release|TwinCAT RT (x86)
		{DE822E80-215A-49DC-B444-249E5F932B38}.Release|TwinCAT UM (x64).ActiveCfg = Release|TwinCAT UM (x64)
		{DE822E80-215A-49DC-B444-249E5F932B38}.Release|TwinCAT UM (x64).Build.0 = Release|TwinCAT UM (x64)
		{DE822E80-215A-49DC-B444-249E5F932B38}.Release|TwinCAT UM (x86).ActiveCfg = Release|TwinCAT UM (x86)
		{DE822E80-215A-49DC-B444-249E5F932B38}.Release|TwinCAT UM (x86).Build.0 = Release|TwinCAT UM (x86)
	EndGlobalSection
	GlobalSection(SolutionProperties) = preSolution
		HideSolutionNode = FALSE
	EndGlobalSection
EndGlobal
