
Microsoft Visual Studio Solution File, Format Version 11.00
# Visual Studio 2010
Project("{B1E792BE-AA5F-4E3C-8C82-674BF9C0715B}") = "TwinCAT Project with Ethernet", "TwinCAT Project with Ethernet\TwinCAT Project with Ethernet.tsproj", "{03A0D7CE-9137-409F-AB09-9F84E866F356}"
EndProject
Global
	GlobalSection(SolutionConfigurationPlatforms) = preSolution
		Debug|TwinCAT CE7 (ARMV7) = Debug|TwinCAT CE7 (ARMV7)
		Debug|TwinCAT RT (x64) = Debug|TwinCAT RT (x64)
		Debug|TwinCAT RT (x86) = Debug|TwinCAT RT (x86)
		Debug|TwinCAT UM (x86) = Debug|TwinCAT UM (x86)
		Release|TwinCAT CE7 (ARMV7) = Release|TwinCAT CE7 (ARMV7)
		Release|TwinCAT RT (x64) = Release|TwinCAT RT (x64)
		Release|TwinCAT RT (x86) = Release|TwinCAT RT (x86)
		Release|TwinCAT UM (x86) = Release|TwinCAT UM (x86)
	EndGlobalSection
	GlobalSection(ProjectConfigurationPlatforms) = postSolution
		{03A0D7CE-9137-409F-AB09-9F84E866F356}.Debug|TwinCAT CE7 (ARMV7).ActiveCfg = Debug|TwinCAT CE7 (ARMV7)
		{03A0D7CE-9137-409F-AB09-9F84E866F356}.Debug|TwinCAT RT (x64).ActiveCfg = Debug|TwinCAT RT (x64)
		{03A0D7CE-9137-409F-AB09-9F84E866F356}.Debug|TwinCAT RT (x86).ActiveCfg = Debug|TwinCAT RT (x86)
		{03A0D7CE-9137-409F-AB09-9F84E866F356}.Debug|TwinCAT UM (x86).ActiveCfg = Debug|TwinCAT CE7 (ARMV7)
		{03A0D7CE-9137-409F-AB09-9F84E866F356}.Release|TwinCAT CE7 (ARMV7).ActiveCfg = Release|TwinCAT CE7 (ARMV7)
		{03A0D7CE-9137-409F-AB09-9F84E866F356}.Release|TwinCAT RT (x64).ActiveCfg = Release|TwinCAT RT (x64)
		{03A0D7CE-9137-409F-AB09-9F84E866F356}.Release|TwinCAT RT (x86).ActiveCfg = Release|TwinCAT RT (x86)
		{03A0D7CE-9137-409F-AB09-9F84E866F356}.Release|TwinCAT UM (x86).ActiveCfg = Release|TwinCAT CE7 (ARMV7)
		{B6AA283E-D4FD-4B9C-B6D5-B4C7290B6497}.Debug|TwinCAT CE7 (ARMV7).ActiveCfg = Debug|TwinCAT RT (x86)
		{B6AA283E-D4FD-4B9C-B6D5-B4C7290B6497}.Debug|TwinCAT RT (x64).ActiveCfg = Debug|TwinCAT RT (x64)
		{B6AA283E-D4FD-4B9C-B6D5-B4C7290B6497}.Debug|TwinCAT RT (x64).Build.0 = Debug|TwinCAT RT (x64)
		{B6AA283E-D4FD-4B9C-B6D5-B4C7290B6497}.Debug|TwinCAT RT (x86).ActiveCfg = Debug|TwinCAT RT (x86)
		{B6AA283E-D4FD-4B9C-B6D5-B4C7290B6497}.Debug|TwinCAT RT (x86).Build.0 = Debug|TwinCAT RT (x86)
		{B6AA283E-D4FD-4B9C-B6D5-B4C7290B6497}.Debug|TwinCAT UM (x86).ActiveCfg = Debug|TwinCAT UM (x86)
		{B6AA283E-D4FD-4B9C-B6D5-B4C7290B6497}.Debug|TwinCAT UM (x86).Build.0 = Debug|TwinCAT UM (x86)
		{B6AA283E-D4FD-4B9C-B6D5-B4C7290B6497}.Release|TwinCAT CE7 (ARMV7).ActiveCfg = Release|TwinCAT RT (x64)
		{B6AA283E-D4FD-4B9C-B6D5-B4C7290B6497}.Release|TwinCAT RT (x64).ActiveCfg = Release|TwinCAT RT (x64)
		{B6AA283E-D4FD-4B9C-B6D5-B4C7290B6497}.Release|TwinCAT RT (x64).Build.0 = Release|TwinCAT RT (x64)
		{B6AA283E-D4FD-4B9C-B6D5-B4C7290B6497}.Release|TwinCAT RT (x86).ActiveCfg = Release|TwinCAT RT (x86)
		{B6AA283E-D4FD-4B9C-B6D5-B4C7290B6497}.Release|TwinCAT RT (x86).Build.0 = Release|TwinCAT RT (x86)
		{B6AA283E-D4FD-4B9C-B6D5-B4C7290B6497}.Release|TwinCAT UM (x86).ActiveCfg = Release|TwinCAT UM (x86)
		{B6AA283E-D4FD-4B9C-B6D5-B4C7290B6497}.Release|TwinCAT UM (x86).Build.0 = Release|TwinCAT UM (x86)
	EndGlobalSection
	GlobalSection(SolutionProperties) = preSolution
		HideSolutionNode = FALSE
	EndGlobalSection
EndGlobal
