<?xml version="1.0" encoding="utf-8"?>
<Project ToolsVersion="4.0" xmlns="http://schemas.microsoft.com/developer/msbuild/2003">
  <ItemGroup>
    <Filter Include="Header Files">
      <UniqueIdentifier>{230c0aff-3179-47f5-ad80-0b32a9720fcd}</UniqueIdentifier>
    </Filter>
    <Filter Include="Source Files">
      <UniqueIdentifier>{5126855a-b928-4e50-ac30-c8140d4575c2}</UniqueIdentifier>
    </Filter>
    <Filter Include="TMC Files">
      <UniqueIdentifier>{217950d7-9c09-4361-aade-eb41f6c5676a}</UniqueIdentifier>
    </Filter>
  </ItemGroup>
  <ItemGroup>
    <ClInclude Include="TcPch.h">
      <Filter>Header Files</Filter>
    </ClInclude>
    <ClInclude Include="StaticLibInterfaces.h">
      <Filter>Header Files</Filter>
    </ClInclude>
    <ClInclude Include="StaticLibServices.h">
      <Filter>Header Files</Filter>
    </ClInclude>
    <ClInclude Include="StaticFunction.h">
      <Filter>Header Files</Filter>
    </ClInclude>
    <ClInclude Include="MultiplicationClass.h">
      <Filter>Header Files</Filter>
    </ClInclude>
  </ItemGroup>
  <ItemGroup>
    <ClCompile Include="TcPch.cpp">
      <Filter>Source Files</Filter>
    </ClCompile>
    <ClCompile Include="StaticFunction.cpp">
      <Filter>Source Files</Filter>
    </ClCompile>
    <ClCompile Include="MultiplicationClass.cpp">
      <Filter>Source Files</Filter>
    </ClCompile>
  </ItemGroup>
  <ItemGroup>
    <None Include="StaticLib.tmc">
      <Filter>TMC Files</Filter>
    </None>
  </ItemGroup>
</Project>