<?xml version="1.0" encoding="utf-8"?>
<Project ToolsVersion="4.0" xmlns="http://schemas.microsoft.com/developer/msbuild/2003">
  <ItemGroup>
    <Filter Include="Header Files">
      <UniqueIdentifier>{35c27805-40bb-41ae-b6e3-9bfd92565ae9}</UniqueIdentifier>
    </Filter>
    <Filter Include="Source Files">
      <UniqueIdentifier>{673398b3-68ee-4123-9904-d52684bffbd5}</UniqueIdentifier>
    </Filter>
    <Filter Include="TwinCAT UM Files">
      <UniqueIdentifier>{3614faa4-6e51-4333-af91-5bbe0d61d585}</UniqueIdentifier>
    </Filter>
    <Filter Include="TwinCAT RT Files">
      <UniqueIdentifier>{9236952a-0ce7-4e3d-a54b-b7c6dacdc127}</UniqueIdentifier>
    </Filter>
    <Filter Include="TMC Files">
      <UniqueIdentifier>{8d4c8aa3-3d6c-4c11-939a-87568a3df057}</UniqueIdentifier>
    </Filter>
  </ItemGroup>
  <ItemGroup>
    <ClInclude Include="Resource.h">
      <Filter>Header Files</Filter>
    </ClInclude>
    <ClInclude Include="TcPch.h">
      <Filter>Header Files</Filter>
    </ClInclude>
    <ClInclude Include="SortOrderClassFactory.h">
      <Filter>Header Files</Filter>
    </ClInclude>
    <ClInclude Include="SortOrderInterfaces.h">
      <Filter>Header Files</Filter>
    </ClInclude>
    <ClInclude Include="SortOrderServices.h">
      <Filter>Header Files</Filter>
    </ClInclude>
    <ClInclude Include="SortOrderCtrl.h">
      <Filter>TwinCAT UM Files</Filter>
    </ClInclude>
    <ClInclude Include="SortOrderDriver.h">
      <Filter>TwinCAT RT Files</Filter>
    </ClInclude>
    <ClInclude Include="SortOrderModule.h">
      <Filter>Header Files</Filter>
    </ClInclude>
  </ItemGroup>
  <ItemGroup>
    <ClCompile Include="TcPch.cpp">
      <Filter>Source Files</Filter>
    </ClCompile>
    <ClCompile Include="SortOrderClassFactory.cpp">
      <Filter>Source Files</Filter>
    </ClCompile>
    <ClCompile Include="SortOrderCtrl.cpp">
      <Filter>TwinCAT UM Files</Filter>
    </ClCompile>
    <ClCompile Include="SortOrderW32.cpp">
      <Filter>TwinCAT UM Files</Filter>
    </ClCompile>
    <ClCompile Include="SortOrderDriver.cpp">
      <Filter>TwinCAT RT Files</Filter>
    </ClCompile>
    <ClCompile Include="SortOrderModule.cpp">
      <Filter>Source Files</Filter>
    </ClCompile>
  </ItemGroup>
  <ItemGroup>
    <ResourceCompile Include="SortOrder.rc">
      <Filter>Source Files</Filter>
    </ResourceCompile>
  </ItemGroup>
  <ItemGroup>
    <None Include="SortOrderW32.def">
      <Filter>TwinCAT UM Files</Filter>
    </None>
    <None Include="SortOrder.tmc">
      <Filter>TMC Files</Filter>
    </None>
  </ItemGroup>
  <ItemGroup>
    <Midl Include="SortOrderW32.idl">
      <Filter>TwinCAT UM Files</Filter>
    </Midl>
  </ItemGroup>
</Project>