<?xml version="1.0" encoding="utf-8"?>
<Project ToolsVersion="4.0" xmlns="http://schemas.microsoft.com/developer/msbuild/2003">
  <ItemGroup>
    <Filter Include="Source Files">
      <UniqueIdentifier>{56adcdf5-e402-4817-b319-d1deefe11d56}</UniqueIdentifier>
    </Filter>
    <Filter Include="TwinCAT UM Files">
      <UniqueIdentifier>{0b0a5306-a6dc-47ee-9ece-105096bf031d}</UniqueIdentifier>
    </Filter>
    <Filter Include="TwinCAT RT Files">
      <UniqueIdentifier>{cfc4ced4-8e5d-4e53-bff1-9bc172dbfecd}</UniqueIdentifier>
    </Filter>
    <Filter Include="TMC Files">
      <UniqueIdentifier>{aa3dc855-9dc5-4123-8d00-718c7ec45112}</UniqueIdentifier>
    </Filter>
    <Filter Include="Source Files\Header Files">
      <UniqueIdentifier>{cffb92b7-544a-454c-8c3c-d7695856793c}</UniqueIdentifier>
    </Filter>
  </ItemGroup>
  <ItemGroup>
    <ClInclude Include="Resource.h">
      <Filter>Source Files\Header Files</Filter>
    </ClInclude>
    <ClInclude Include="TcPch.h">
      <Filter>Source Files\Header Files</Filter>
    </ClInclude>
    <ClInclude Include="Untitled1ClassFactory.h">
      <Filter>Source Files\Header Files</Filter>
    </ClInclude>
    <ClInclude Include="Untitled1Interfaces.h">
      <Filter>Source Files\Header Files</Filter>
    </ClInclude>
    <ClInclude Include="Untitled1Services.h">
      <Filter>Source Files\Header Files</Filter>
    </ClInclude>
    <ClInclude Include="Untitled1Ctrl.h">
      <Filter>TwinCAT UM Files</Filter>
    </ClInclude>
    <ClInclude Include="Untitled1Driver.h">
      <Filter>TwinCAT RT Files</Filter>
    </ClInclude>
    <ClInclude Include="Module1.h">
      <Filter>Source Files\Header Files</Filter>
    </ClInclude>
  </ItemGroup>
  <ItemGroup>
    <ClCompile Include="TcPch.cpp">
      <Filter>Source Files</Filter>
    </ClCompile>
    <ClCompile Include="Untitled1ClassFactory.cpp">
      <Filter>Source Files</Filter>
    </ClCompile>
    <ClCompile Include="Untitled1Ctrl.cpp">
      <Filter>TwinCAT UM Files</Filter>
    </ClCompile>
    <ClCompile Include="Untitled1W32.cpp">
      <Filter>TwinCAT UM Files</Filter>
    </ClCompile>
    <ClCompile Include="Untitled1Driver.cpp">
      <Filter>TwinCAT RT Files</Filter>
    </ClCompile>
    <ClCompile Include="Module1.cpp">
      <Filter>Source Files</Filter>
    </ClCompile>
  </ItemGroup>
  <ItemGroup>
    <ResourceCompile Include="Untitled1.rc">
      <Filter>Source Files</Filter>
    </ResourceCompile>
  </ItemGroup>
  <ItemGroup>
    <None Include="Untitled1W32.def">
      <Filter>TwinCAT UM Files</Filter>
    </None>
    <None Include="Untitled1.tmc">
      <Filter>TMC Files</Filter>
    </None>
  </ItemGroup>
  <ItemGroup>
    <Midl Include="Untitled1W32.idl">
      <Filter>TwinCAT UM Files</Filter>
    </Midl>
  </ItemGroup>
</Project>